
Microsoft Visual Studio Solution File, Format Version 12.00
# Visual Studio 14
VisualStudioVersion = 14.0.25420.1
MinimumVisualStudioVersion = 10.0.40219.1
Project("{2150E333-8FDC-42A3-9474-1A3956D46DE8}") = "Tools", "Tools", "{4B7C9AC6-96B9-4CA9-B3D5-D29D980748B0}"
EndProject
Project("{FAE04EC0-301F-11D3-BF4B-00C04F79EFBC}") = "BrightScriptTools.GPlex", "BrightScriptTools.GPlex\BrightScriptTools.GPlex.csproj", "{2EA37226-2FA2-40B5-AABF-72AA499E4C0B}"
EndProject
Project("{FAE04EC0-301F-11D3-BF4B-00C04F79EFBC}") = "BrightScriptTools.Gppg", "BrightScriptTools.Gppg\BrightScriptTools.Gppg.csproj", "{DDDA2561-E4D5-4870-AD42-F8855D243D49}"
EndProject
Project("{FAE04EC0-301F-11D3-BF4B-00C04F79EFBC}") = "BrightScriptTools.Compiler", "BrightScriptTools.Compiler\BrightScriptTools.Compiler.csproj", "{96A149F1-9ABF-4246-9CB1-06F0AAA0E294}"
EndProject
Project("{2150E333-8FDC-42A3-9474-1A3956D46DE8}") = "Debug", "Debug", "{21C516E6-8CBC-4E58-9ED3-88DD41817303}"
EndProject
Project("{FAE04EC0-301F-11D3-BF4B-00C04F79EFBC}") = "BrightScriptDebug.GPlex", "BrightScriptDebug.GPlex\BrightScriptDebug.GPlex.csproj", "{F9E856DE-8322-4556-8C5D-D9ED9DBBE894}"
EndProject
Project("{FAE04EC0-301F-11D3-BF4B-00C04F79EFBC}") = "BrightScriptDebug.Gppg", "BrightScriptDebug.Gppg\BrightScriptDebug.Gppg.csproj", "{8E6C1395-5ABD-416A-9721-28AA5CC45263}"
EndProject
Project("{FAE04EC0-301F-11D3-BF4B-00C04F79EFBC}") = "RokuTelnet", "RokuTelnet\RokuTelnet.csproj", "{68BBAF22-1E42-420D-A569-CDA9487901D2}"
EndProject
Project("{FAE04EC0-301F-11D3-BF4B-00C04F79EFBC}") = "BrightScriptDebug.Compiler", "BrightScriptDebug.Compiler\BrightScriptDebug.Compiler.csproj", "{53E771E5-FDE0-43CE-AC69-6D1A1B62D835}"
EndProject
Project("{2150E333-8FDC-42A3-9474-1A3956D46DE8}") = "VisualStudio", "VisualStudio", "{56C55D84-E0CE-4BD7-ABB6-0CAE37FE3B03}"
EndProject
Project("{FAE04EC0-301F-11D3-BF4B-00C04F79EFBC}") = "BrightScript.ProjectTemplate", "BrightScript\BrightScript.ProjectTemplate\BrightScript.ProjectTemplate.csproj", "{883B80E1-4DDE-40BD-AA9F-22CBEABA4ED9}"
EndProject
Project("{FAE04EC0-301F-11D3-BF4B-00C04F79EFBC}") = "BrightScript.ProjectType", "BrightScript\BrightScript.ProjectType\BrightScript.ProjectType.csproj", "{63FA05F6-832E-455D-972B-5ABBBC7F5DDE}"
EndProject
Project("{FAE04EC0-301F-11D3-BF4B-00C04F79EFBC}") = "BrightScript.ItemTemplate", "BrightScript.ItemTemplate\BrightScript.ItemTemplate.csproj", "{E28E27C2-E49F-47E3-8FBF-00CB9C2F6107}"
EndProject
Project("{FAE04EC0-301F-11D3-BF4B-00C04F79EFBC}") = "BrightScript.Language", "BrightScript.Language\BrightScript.Language.csproj", "{F091221E-FD10-41A7-AAC4-C9359178BDB1}"
EndProject
Project("{FAE04EC0-301F-11D3-BF4B-00C04F79EFBC}") = "BrightScript.BuildTasks", "BrightScript.BuildTasks\BrightScript.BuildTasks.csproj", "{A0E89F8E-0B70-4CF8-AEB2-E9313B3C8005}"
EndProject
Global
	GlobalSection(SolutionConfigurationPlatforms) = preSolution
		Debug|Any CPU = Debug|Any CPU
		Release|Any CPU = Release|Any CPU
	EndGlobalSection
	GlobalSection(ProjectConfigurationPlatforms) = postSolution
		{2EA37226-2FA2-40B5-AABF-72AA499E4C0B}.Debug|Any CPU.ActiveCfg = Debug|Any CPU
		{2EA37226-2FA2-40B5-AABF-72AA499E4C0B}.Debug|Any CPU.Build.0 = Debug|Any CPU
		{2EA37226-2FA2-40B5-AABF-72AA499E4C0B}.Release|Any CPU.ActiveCfg = Release|Any CPU
		{2EA37226-2FA2-40B5-AABF-72AA499E4C0B}.Release|Any CPU.Build.0 = Release|Any CPU
		{DDDA2561-E4D5-4870-AD42-F8855D243D49}.Debug|Any CPU.ActiveCfg = Debug|Any CPU
		{DDDA2561-E4D5-4870-AD42-F8855D243D49}.Debug|Any CPU.Build.0 = Debug|Any CPU
		{DDDA2561-E4D5-4870-AD42-F8855D243D49}.Release|Any CPU.ActiveCfg = Release|Any CPU
		{DDDA2561-E4D5-4870-AD42-F8855D243D49}.Release|Any CPU.Build.0 = Release|Any CPU
		{96A149F1-9ABF-4246-9CB1-06F0AAA0E294}.Debug|Any CPU.ActiveCfg = Debug|Any CPU
		{96A149F1-9ABF-4246-9CB1-06F0AAA0E294}.Debug|Any CPU.Build.0 = Debug|Any CPU
		{96A149F1-9ABF-4246-9CB1-06F0AAA0E294}.Release|Any CPU.ActiveCfg = Release|Any CPU
		{96A149F1-9ABF-4246-9CB1-06F0AAA0E294}.Release|Any CPU.Build.0 = Release|Any CPU
		{F9E856DE-8322-4556-8C5D-D9ED9DBBE894}.Debug|Any CPU.ActiveCfg = Debug|Any CPU
		{F9E856DE-8322-4556-8C5D-D9ED9DBBE894}.Debug|Any CPU.Build.0 = Debug|Any CPU
		{F9E856DE-8322-4556-8C5D-D9ED9DBBE894}.Release|Any CPU.ActiveCfg = Release|Any CPU
		{F9E856DE-8322-4556-8C5D-D9ED9DBBE894}.Release|Any CPU.Build.0 = Release|Any CPU
		{8E6C1395-5ABD-416A-9721-28AA5CC45263}.Debug|Any CPU.ActiveCfg = Debug|Any CPU
		{8E6C1395-5ABD-416A-9721-28AA5CC45263}.Debug|Any CPU.Build.0 = Debug|Any CPU
		{8E6C1395-5ABD-416A-9721-28AA5CC45263}.Release|Any CPU.ActiveCfg = Release|Any CPU
		{8E6C1395-5ABD-416A-9721-28AA5CC45263}.Release|Any CPU.Build.0 = Release|Any CPU
		{68BBAF22-1E42-420D-A569-CDA9487901D2}.Debug|Any CPU.ActiveCfg = Debug|Any CPU
		{68BBAF22-1E42-420D-A569-CDA9487901D2}.Debug|Any CPU.Build.0 = Debug|Any CPU
		{68BBAF22-1E42-420D-A569-CDA9487901D2}.Release|Any CPU.ActiveCfg = Release|Any CPU
		{68BBAF22-1E42-420D-A569-CDA9487901D2}.Release|Any CPU.Build.0 = Release|Any CPU
		{53E771E5-FDE0-43CE-AC69-6D1A1B62D835}.Debug|Any CPU.ActiveCfg = Debug|Any CPU
		{53E771E5-FDE0-43CE-AC69-6D1A1B62D835}.Debug|Any CPU.Build.0 = Debug|Any CPU
		{53E771E5-FDE0-43CE-AC69-6D1A1B62D835}.Release|Any CPU.ActiveCfg = Release|Any CPU
		{53E771E5-FDE0-43CE-AC69-6D1A1B62D835}.Release|Any CPU.Build.0 = Release|Any CPU
		{883B80E1-4DDE-40BD-AA9F-22CBEABA4ED9}.Debug|Any CPU.ActiveCfg = Debug|Any CPU
		{883B80E1-4DDE-40BD-AA9F-22CBEABA4ED9}.Debug|Any CPU.Build.0 = Debug|Any CPU
		{883B80E1-4DDE-40BD-AA9F-22CBEABA4ED9}.Release|Any CPU.ActiveCfg = Release|Any CPU
		{883B80E1-4DDE-40BD-AA9F-22CBEABA4ED9}.Release|Any CPU.Build.0 = Release|Any CPU
		{63FA05F6-832E-455D-972B-5ABBBC7F5DDE}.Debug|Any CPU.ActiveCfg = Debug|Any CPU
		{63FA05F6-832E-455D-972B-5ABBBC7F5DDE}.Debug|Any CPU.Build.0 = Debug|Any CPU
		{63FA05F6-832E-455D-972B-5ABBBC7F5DDE}.Release|Any CPU.ActiveCfg = Release|Any CPU
		{63FA05F6-832E-455D-972B-5ABBBC7F5DDE}.Release|Any CPU.Build.0 = Release|Any CPU
		{E28E27C2-E49F-47E3-8FBF-00CB9C2F6107}.Debug|Any CPU.ActiveCfg = Debug|Any CPU
		{E28E27C2-E49F-47E3-8FBF-00CB9C2F6107}.Debug|Any CPU.Build.0 = Debug|Any CPU
		{E28E27C2-E49F-47E3-8FBF-00CB9C2F6107}.Release|Any CPU.ActiveCfg = Release|Any CPU
		{E28E27C2-E49F-47E3-8FBF-00CB9C2F6107}.Release|Any CPU.Build.0 = Release|Any CPU
		{F091221E-FD10-41A7-AAC4-C9359178BDB1}.Debug|Any CPU.ActiveCfg = Debug|Any CPU
		{F091221E-FD10-41A7-AAC4-C9359178BDB1}.Debug|Any CPU.Build.0 = Debug|Any CPU
		{F091221E-FD10-41A7-AAC4-C9359178BDB1}.Release|Any CPU.ActiveCfg = Release|Any CPU
		{F091221E-FD10-41A7-AAC4-C9359178BDB1}.Release|Any CPU.Build.0 = Release|Any CPU
		{A0E89F8E-0B70-4CF8-AEB2-E9313B3C8005}.Debug|Any CPU.ActiveCfg = Debug|Any CPU
		{A0E89F8E-0B70-4CF8-AEB2-E9313B3C8005}.Debug|Any CPU.Build.0 = Debug|Any CPU
		{A0E89F8E-0B70-4CF8-AEB2-E9313B3C8005}.Release|Any CPU.ActiveCfg = Release|Any CPU
		{A0E89F8E-0B70-4CF8-AEB2-E9313B3C8005}.Release|Any CPU.Build.0 = Release|Any CPU
	EndGlobalSection
	GlobalSection(SolutionProperties) = preSolution
		HideSolutionNode = FALSE
	EndGlobalSection
	GlobalSection(NestedProjects) = preSolution
		{2EA37226-2FA2-40B5-AABF-72AA499E4C0B} = {4B7C9AC6-96B9-4CA9-B3D5-D29D980748B0}
		{DDDA2561-E4D5-4870-AD42-F8855D243D49} = {4B7C9AC6-96B9-4CA9-B3D5-D29D980748B0}
		{F9E856DE-8322-4556-8C5D-D9ED9DBBE894} = {21C516E6-8CBC-4E58-9ED3-88DD41817303}
		{8E6C1395-5ABD-416A-9721-28AA5CC45263} = {21C516E6-8CBC-4E58-9ED3-88DD41817303}
		{53E771E5-FDE0-43CE-AC69-6D1A1B62D835} = {21C516E6-8CBC-4E58-9ED3-88DD41817303}
		{883B80E1-4DDE-40BD-AA9F-22CBEABA4ED9} = {56C55D84-E0CE-4BD7-ABB6-0CAE37FE3B03}
		{63FA05F6-832E-455D-972B-5ABBBC7F5DDE} = {56C55D84-E0CE-4BD7-ABB6-0CAE37FE3B03}
		{E28E27C2-E49F-47E3-8FBF-00CB9C2F6107} = {56C55D84-E0CE-4BD7-ABB6-0CAE37FE3B03}
		{F091221E-FD10-41A7-AAC4-C9359178BDB1} = {56C55D84-E0CE-4BD7-ABB6-0CAE37FE3B03}
		{A0E89F8E-0B70-4CF8-AEB2-E9313B3C8005} = {56C55D84-E0CE-4BD7-ABB6-0CAE37FE3B03}
	EndGlobalSection
EndGlobal
